
Microsoft Visual Studio Solution File, Format Version 12.00
# Visual Studio Version 16
VisualStudioVersion = 16.0.32602.291
MinimumVisualStudioVersion = 10.0.40219.1
Project("{FAE04EC0-301F-11D3-BF4B-00C04F79EFBC}") = "SignalR", "SignalR\SignalR.csproj", "{A049F3CF-0639-4ED6-A194-33A10D4EBC1A}"
EndProject
Global
	GlobalSection(SolutionConfigurationPlatforms) = preSolution
		Debug|Any CPU = Debug|Any CPU
		Release|Any CPU = Release|Any CPU
	EndGlobalSection
	GlobalSection(ProjectConfigurationPlatforms) = postSolution
		{A049F3CF-0639-4ED6-A194-33A10D4EBC1A}.Debug|Any CPU.ActiveCfg = Debug|Any CPU
		{A049F3CF-0639-4ED6-A194-33A10D4EBC1A}.Debug|Any CPU.Build.0 = Debug|Any CPU
		{A049F3CF-0639-4ED6-A194-33A10D4EBC1A}.Release|Any CPU.ActiveCfg = Release|Any CPU
		{A049F3CF-0639-4ED6-A194-33A10D4EBC1A}.Release|Any CPU.Build.0 = Release|Any CPU
	EndGlobalSection
	GlobalSection(SolutionProperties) = preSolution
		HideSolutionNode = FALSE
	EndGlobalSection
	GlobalSection(ExtensibilityGlobals) = postSolution
		SolutionGuid = {E1FE34F3-361D-4498-B87E-E2707FD6D563}
	EndGlobalSection
EndGlobal
